// !$*UTF8*$!
{
	archiveVersion = 1;
	classes = {
	};
	objectVersion = 77;
	objects = {

/* Begin PBXBuildFile section */
		D645FD8B2DF13F1E00E457C9 /* MarkdownUI in Frameworks */ = {isa = PBXBuildFile; productRef = D645FD8A2DF13F1E00E457C9 /* MarkdownUI */; };
/* End PBXBuildFile section */

/* Begin PBXBuildRule section */
		D645FD822DF136E700E457C9 /* PBXBuildRule */ = {
			isa = PBXBuildRule;
			compilerSpec = com.apple.compilers.proxy.script;
			fileType = folder.iconset;
			inputFiles = (
			);
			isEditable = 1;
			outputFiles = (
			);
			script = "# iconutil\n";
		};
/* End PBXBuildRule section */

/* Begin PBXContainerItemProxy section */
		D6652AB52DEC797200269826 /* PBXContainerItemProxy */ = {
			isa = PBXContainerItemProxy;
			containerPortal = D6652A9E2DEC797000269826 /* Project object */;
			proxyType = 1;
			remoteGlobalIDString = D6652AA52DEC797000269826;
			remoteInfo = "duo-chat";
		};
		D6652ABF2DEC797200269826 /* PBXContainerItemProxy */ = {
			isa = PBXContainerItemProxy;
			containerPortal = D6652A9E2DEC797000269826 /* Project object */;
			proxyType = 1;
			remoteGlobalIDString = D6652AA52DEC797000269826;
			remoteInfo = "duo-chat";
		};
/* End PBXContainerItemProxy section */

/* Begin PBXFileReference section */
		D6652AA62DEC797000269826 /* duo-chat.app */ = {isa = PBXFileReference; explicitFileType = wrapper.application; includeInIndex = 0; path = "duo-chat.app"; sourceTree = BUILT_PRODUCTS_DIR; };
		D6652AB42DEC797200269826 /* duo-chatTests.xctest */ = {isa = PBXFileReference; explicitFileType = wrapper.cfbundle; includeInIndex = 0; path = "duo-chatTests.xctest"; sourceTree = BUILT_PRODUCTS_DIR; };
		D6652ABE2DEC797200269826 /* duo-chatUITests.xctest */ = {isa = PBXFileReference; explicitFileType = wrapper.cfbundle; includeInIndex = 0; path = "duo-chatUITests.xctest"; sourceTree = BUILT_PRODUCTS_DIR; };
/* End PBXFileReference section */

/* Begin PBXFileSystemSynchronizedRootGroup section */
		D6652AA82DEC797000269826 /* duo-chat */ = {
			isa = PBXFileSystemSynchronizedRootGroup;
			path = "duo-chat";
			sourceTree = "<group>";
		};
		D6652AB72DEC797200269826 /* duo-chatTests */ = {
			isa = PBXFileSystemSynchronizedRootGroup;
			path = "duo-chatTests";
			sourceTree = "<group>";
		};
		D6652AC12DEC797200269826 /* duo-chatUITests */ = {
			isa = PBXFileSystemSynchronizedRootGroup;
			path = "duo-chatUITests";
			sourceTree = "<group>";
		};
/* End PBXFileSystemSynchronizedRootGroup section */

/* Begin PBXFrameworksBuildPhase section */
		D6652AA32DEC797000269826 /* Frameworks */ = {
			isa = PBXFrameworksBuildPhase;
			buildActionMask = 2147483647;
			files = (
				D645FD8B2DF13F1E00E457C9 /* MarkdownUI in Frameworks */,
			);
			runOnlyForDeploymentPostprocessing = 0;
		};
		D6652AB12DEC797200269826 /* Frameworks */ = {
			isa = PBXFrameworksBuildPhase;
			buildActionMask = 2147483647;
			files = (
			);
			runOnlyForDeploymentPostprocessing = 0;
		};
		D6652ABB2DEC797200269826 /* Frameworks */ = {
			isa = PBXFrameworksBuildPhase;
			buildActionMask = 2147483647;
			files = (
			);
			runOnlyForDeploymentPostprocessing = 0;
		};
/* End PBXFrameworksBuildPhase section */

/* Begin PBXGroup section */
		D645FD872DF13E6D00E457C9 /* Frameworks */ = {
			isa = PBXGroup;
			children = (
			);
			name = Frameworks;
			sourceTree = "<group>";
		};
		D6652A9D2DEC797000269826 = {
			isa = PBXGroup;
			children = (
				D6652AA82DEC797000269826 /* duo-chat */,
				D6652AB72DEC797200269826 /* duo-chatTests */,
				D6652AC12DEC797200269826 /* duo-chatUITests */,
				D645FD872DF13E6D00E457C9 /* Frameworks */,
				D6652AA72DEC797000269826 /* Products */,
			);
			sourceTree = "<group>";
		};
		D6652AA72DEC797000269826 /* Products */ = {
			isa = PBXGroup;
			children = (
				D6652AA62DEC797000269826 /* duo-chat.app */,
				D6652AB42DEC797200269826 /* duo-chatTests.xctest */,
				D6652ABE2DEC797200269826 /* duo-chatUITests.xctest */,
			);
			name = Products;
			sourceTree = "<group>";
		};
/* End PBXGroup section */

/* Begin PBXNativeTarget section */
		D6652AA52DEC797000269826 /* duo-chat */ = {
			isa = PBXNativeTarget;
			buildConfigurationList = D6652AC82DEC797200269826 /* Build configuration list for PBXNativeTarget "duo-chat" */;
			buildPhases = (
				D6652AA22DEC797000269826 /* Sources */,
				D6652AA32DEC797000269826 /* Frameworks */,
				D6652AA42DEC797000269826 /* Resources */,
			);
			buildRules = (
				D645FD822DF136E700E457C9 /* PBXBuildRule */,
			);
			dependencies = (
				D645FD862DF13AE800E457C9 /* PBXTargetDependency */,
			);
			fileSystemSynchronizedGroups = (
				D6652AA82DEC797000269826 /* duo-chat */,
			);
			name = "duo-chat";
			packageProductDependencies = (
				D645FD8A2DF13F1E00E457C9 /* MarkdownUI */,
			);
			productName = "duo-chat";
			productReference = D6652AA62DEC797000269826 /* duo-chat.app */;
			productType = "com.apple.product-type.application";
		};
		D6652AB32DEC797200269826 /* duo-chatTests */ = {
			isa = PBXNativeTarget;
			buildConfigurationList = D6652ACB2DEC797200269826 /* Build configuration list for PBXNativeTarget "duo-chatTests" */;
			buildPhases = (
				D6652AB02DEC797200269826 /* Sources */,
				D6652AB12DEC797200269826 /* Frameworks */,
				D6652AB22DEC797200269826 /* Resources */,
			);
			buildRules = (
			);
			dependencies = (
				D6652AB62DEC797200269826 /* PBXTargetDependency */,
			);
			fileSystemSynchronizedGroups = (
				D6652AB72DEC797200269826 /* duo-chatTests */,
			);
			name = "duo-chatTests";
			packageProductDependencies = (
			);
			productName = "duo-chatTests";
			productReference = D6652AB42DEC797200269826 /* duo-chatTests.xctest */;
			productType = "com.apple.product-type.bundle.unit-test";
		};
		D6652ABD2DEC797200269826 /* duo-chatUITests */ = {
			isa = PBXNativeTarget;
			buildConfigurationList = D6652ACE2DEC797200269826 /* Build configuration list for PBXNativeTarget "duo-chatUITests" */;
			buildPhases = (
				D6652ABA2DEC797200269826 /* Sources */,
				D6652ABB2DEC797200269826 /* Frameworks */,
				D6652ABC2DEC797200269826 /* Resources */,
			);
			buildRules = (
			);
			dependencies = (
				D6652AC02DEC797200269826 /* PBXTargetDependency */,
			);
			fileSystemSynchronizedGroups = (
				D6652AC12DEC797200269826 /* duo-chatUITests */,
			);
			name = "duo-chatUITests";
			packageProductDependencies = (
			);
			productName = "duo-chatUITests";
			productReference = D6652ABE2DEC797200269826 /* duo-chatUITests.xctest */;
			productType = "com.apple.product-type.bundle.ui-testing";
		};
/* End PBXNativeTarget section */

/* Begin PBXProject section */
		D6652A9E2DEC797000269826 /* Project object */ = {
			isa = PBXProject;
			attributes = {
				BuildIndependentTargetsInParallel = 1;
				LastSwiftUpdateCheck = 1640;
				LastUpgradeCheck = 2600;
				TargetAttributes = {
					D6652AA52DEC797000269826 = {
						CreatedOnToolsVersion = 16.4;
					};
					D6652AB32DEC797200269826 = {
						CreatedOnToolsVersion = 16.4;
						TestTargetID = D6652AA52DEC797000269826;
					};
					D6652ABD2DEC797200269826 = {
						CreatedOnToolsVersion = 16.4;
						TestTargetID = D6652AA52DEC797000269826;
					};
				};
			};
			buildConfigurationList = D6652AA12DEC797000269826 /* Build configuration list for PBXProject "duo-chat" */;
			developmentRegion = en;
			hasScannedForEncodings = 0;
			knownRegions = (
				en,
				Base,
			);
			mainGroup = D6652A9D2DEC797000269826;
			minimizedProjectReferenceProxies = 1;
			packageReferences = (
				D645FD832DF137F000E457C9 /* XCRemoteSwiftPackageReference "swift-markdown-ui" */,
			);
			preferredProjectObjectVersion = 77;
			productRefGroup = D6652AA72DEC797000269826 /* Products */;
			projectDirPath = "";
			projectRoot = "";
			targets = (
				D6652AA52DEC797000269826 /* duo-chat */,
				D6652AB32DEC797200269826 /* duo-chatTests */,
				D6652ABD2DEC797200269826 /* duo-chatUITests */,
			);
		};
/* End PBXProject section */

/* Begin PBXResourcesBuildPhase section */
		D6652AA42DEC797000269826 /* Resources */ = {
			isa = PBXResourcesBuildPhase;
			buildActionMask = 2147483647;
			files = (
			);
			runOnlyForDeploymentPostprocessing = 0;
		};
		D6652AB22DEC797200269826 /* Resources */ = {
			isa = PBXResourcesBuildPhase;
			buildActionMask = 2147483647;
			files = (
			);
			runOnlyForDeploymentPostprocessing = 0;
		};
		D6652ABC2DEC797200269826 /* Resources */ = {
			isa = PBXResourcesBuildPhase;
			buildActionMask = 2147483647;
			files = (
			);
			runOnlyForDeploymentPostprocessing = 0;
		};
/* End PBXResourcesBuildPhase section */

/* Begin PBXSourcesBuildPhase section */
		D6652AA22DEC797000269826 /* Sources */ = {
			isa = PBXSourcesBuildPhase;
			buildActionMask = 2147483647;
			files = (
			);
			runOnlyForDeploymentPostprocessing = 0;
		};
		D6652AB02DEC797200269826 /* Sources */ = {
			isa = PBXSourcesBuildPhase;
			buildActionMask = 2147483647;
			files = (
			);
			runOnlyForDeploymentPostprocessing = 0;
		};
		D6652ABA2DEC797200269826 /* Sources */ = {
			isa = PBXSourcesBuildPhase;
			buildActionMask = 2147483647;
			files = (
			);
			runOnlyForDeploymentPostprocessing = 0;
		};
/* End PBXSourcesBuildPhase section */

/* Begin PBXTargetDependency section */
		D645FD862DF13AE800E457C9 /* PBXTargetDependency */ = {
			isa = PBXTargetDependency;
			productRef = D645FD852DF13AE800E457C9 /* MarkdownUI */;
		};
		D6652AB62DEC797200269826 /* PBXTargetDependency */ = {
			isa = PBXTargetDependency;
			target = D6652AA52DEC797000269826 /* duo-chat */;
			targetProxy = D6652AB52DEC797200269826 /* PBXContainerItemProxy */;
		};
		D6652AC02DEC797200269826 /* PBXTargetDependency */ = {
			isa = PBXTargetDependency;
			target = D6652AA52DEC797000269826 /* duo-chat */;
			targetProxy = D6652ABF2DEC797200269826 /* PBXContainerItemProxy */;
		};
/* End PBXTargetDependency section */

/* Begin XCBuildConfiguration section */
		D6652AC62DEC797200269826 /* Debug */ = {
			isa = XCBuildConfiguration;
			buildSettings = {
				ALWAYS_SEARCH_USER_PATHS = NO;
				ASSETCATALOG_COMPILER_GENERATE_SWIFT_ASSET_SYMBOL_EXTENSIONS = YES;
				CLANG_ANALYZER_NONNULL = YES;
				CLANG_ANALYZER_NUMBER_OBJECT_CONVERSION = YES_AGGRESSIVE;
				CLANG_CXX_LANGUAGE_STANDARD = "gnu++20";
				CLANG_ENABLE_MODULES = YES;
				CLANG_ENABLE_OBJC_ARC = YES;
				CLANG_ENABLE_OBJC_WEAK = YES;
				CLANG_WARN_BLOCK_CAPTURE_AUTORELEASING = YES;
				CLANG_WARN_BOOL_CONVERSION = YES;
				CLANG_WARN_COMMA = YES;
				CLANG_WARN_CONSTANT_CONVERSION = YES;
				CLANG_WARN_DEPRECATED_OBJC_IMPLEMENTATIONS = YES;
				CLANG_WARN_DIRECT_OBJC_ISA_USAGE = YES_ERROR;
				CLANG_WARN_DOCUMENTATION_COMMENTS = YES;
				CLANG_WARN_EMPTY_BODY = YES;
				CLANG_WARN_ENUM_CONVERSION = YES;
				CLANG_WARN_INFINITE_RECURSION = YES;
				CLANG_WARN_INT_CONVERSION = YES;
				CLANG_WARN_NON_LITERAL_NULL_CONVERSION = YES;
				CLANG_WARN_OBJC_IMPLICIT_RETAIN_SELF = YES;
				CLANG_WARN_OBJC_LITERAL_CONVERSION = YES;
				CLANG_WARN_OBJC_ROOT_CLASS = YES_ERROR;
				CLANG_WARN_QUOTED_INCLUDE_IN_FRAMEWORK_HEADER = YES;
				CLANG_WARN_RANGE_LOOP_ANALYSIS = YES;
				CLANG_WARN_STRICT_PROTOTYPES = YES;
				CLANG_WARN_SUSPICIOUS_MOVE = YES;
				CLANG_WARN_UNGUARDED_AVAILABILITY = YES_AGGRESSIVE;
				CLANG_WARN_UNREACHABLE_CODE = YES;
				CLANG_WARN__DUPLICATE_METHOD_MATCH = YES;
				COPY_PHASE_STRIP = NO;
				DEAD_CODE_STRIPPING = YES;
				DEBUG_INFORMATION_FORMAT = dwarf;
				ENABLE_STRICT_OBJC_MSGSEND = YES;
				ENABLE_TESTABILITY = YES;
				ENABLE_USER_SCRIPT_SANDBOXING = YES;
				GCC_C_LANGUAGE_STANDARD = gnu17;
				GCC_DYNAMIC_NO_PIC = NO;
				GCC_NO_COMMON_BLOCKS = YES;
				GCC_OPTIMIZATION_LEVEL = 0;
				GCC_PREPROCESSOR_DEFINITIONS = (
					"DEBUG=1",
					"$(inherited)",
				);
				GCC_WARN_64_TO_32_BIT_CONVERSION = YES;
				GCC_WARN_ABOUT_RETURN_TYPE = YES_ERROR;
				GCC_WARN_UNDECLARED_SELECTOR = YES;
				GCC_WARN_UNINITIALIZED_AUTOS = YES_AGGRESSIVE;
				GCC_WARN_UNUSED_FUNCTION = YES;
				GCC_WARN_UNUSED_VARIABLE = YES;
				LOCALIZATION_PREFERS_STRING_CATALOGS = YES;
				MACOSX_DEPLOYMENT_TARGET = 15.5;
				MTL_ENABLE_DEBUG_INFO = INCLUDE_SOURCE;
				MTL_FAST_MATH = YES;
				ONLY_ACTIVE_ARCH = YES;
				SDKROOT = macosx;
				STRING_CATALOG_GENERATE_SYMBOLS = YES;
				SWIFT_ACTIVE_COMPILATION_CONDITIONS = "DEBUG $(inherited)";
				SWIFT_OPTIMIZATION_LEVEL = "-Onone";
			};
			name = Debug;
		};
		D6652AC72DEC797200269826 /* Release */ = {
			isa = XCBuildConfiguration;
			buildSettings = {
				ALWAYS_SEARCH_USER_PATHS = NO;
				ASSETCATALOG_COMPILER_GENERATE_SWIFT_ASSET_SYMBOL_EXTENSIONS = YES;
				CLANG_ANALYZER_NONNULL = YES;
				CLANG_ANALYZER_NUMBER_OBJECT_CONVERSION = YES_AGGRESSIVE;
				CLANG_CXX_LANGUAGE_STANDARD = "gnu++20";
				CLANG_ENABLE_MODULES = YES;
				CLANG_ENABLE_OBJC_ARC = YES;
				CLANG_ENABLE_OBJC_WEAK = YES;
				CLANG_WARN_BLOCK_CAPTURE_AUTORELEASING = YES;
				CLANG_WARN_BOOL_CONVERSION = YES;
				CLANG_WARN_COMMA = YES;
				CLANG_WARN_CONSTANT_CONVERSION = YES;
				CLANG_WARN_DEPRECATED_OBJC_IMPLEMENTATIONS = YES;
				CLANG_WARN_DIRECT_OBJC_ISA_USAGE = YES_ERROR;
				CLANG_WARN_DOCUMENTATION_COMMENTS = YES;
				CLANG_WARN_EMPTY_BODY = YES;
				CLANG_WARN_ENUM_CONVERSION = YES;
				CLANG_WARN_INFINITE_RECURSION = YES;
				CLANG_WARN_INT_CONVERSION = YES;
				CLANG_WARN_NON_LITERAL_NULL_CONVERSION = YES;
				CLANG_WARN_OBJC_IMPLICIT_RETAIN_SELF = YES;
				CLANG_WARN_OBJC_LITERAL_CONVERSION = YES;
				CLANG_WARN_OBJC_ROOT_CLASS = YES_ERROR;
				CLANG_WARN_QUOTED_INCLUDE_IN_FRAMEWORK_HEADER = YES;
				CLANG_WARN_RANGE_LOOP_ANALYSIS = YES;
				CLANG_WARN_STRICT_PROTOTYPES = YES;
				CLANG_WARN_SUSPICIOUS_MOVE = YES;
				CLANG_WARN_UNGUARDED_AVAILABILITY = YES_AGGRESSIVE;
				CLANG_WARN_UNREACHABLE_CODE = YES;
				CLANG_WARN__DUPLICATE_METHOD_MATCH = YES;
				COPY_PHASE_STRIP = NO;
				DEAD_CODE_STRIPPING = YES;
				DEBUG_INFORMATION_FORMAT = "dwarf-with-dsym";
				ENABLE_NS_ASSERTIONS = NO;
				ENABLE_STRICT_OBJC_MSGSEND = YES;
				ENABLE_USER_SCRIPT_SANDBOXING = YES;
				GCC_C_LANGUAGE_STANDARD = gnu17;
				GCC_NO_COMMON_BLOCKS = YES;
				GCC_WARN_64_TO_32_BIT_CONVERSION = YES;
				GCC_WARN_ABOUT_RETURN_TYPE = YES_ERROR;
				GCC_WARN_UNDECLARED_SELECTOR = YES;
				GCC_WARN_UNINITIALIZED_AUTOS = YES_AGGRESSIVE;
				GCC_WARN_UNUSED_FUNCTION = YES;
				GCC_WARN_UNUSED_VARIABLE = YES;
				LOCALIZATION_PREFERS_STRING_CATALOGS = YES;
				MACOSX_DEPLOYMENT_TARGET = 15.5;
				MTL_ENABLE_DEBUG_INFO = NO;
				MTL_FAST_MATH = YES;
				SDKROOT = macosx;
				STRING_CATALOG_GENERATE_SYMBOLS = YES;
				SWIFT_COMPILATION_MODE = wholemodule;
			};
			name = Release;
		};
		D6652AC92DEC797200269826 /* Debug */ = {
			isa = XCBuildConfiguration;
			buildSettings = {
				ASSETCATALOG_COMPILER_APPICON_NAME = AppIcon;
				ASSETCATALOG_COMPILER_GLOBAL_ACCENT_COLOR_NAME = AccentColor;
				ASSETCATALOG_COMPILER_INCLUDE_ALL_APPICON_ASSETS = YES;
				CODE_SIGN_ENTITLEMENTS = "duo-chat/duo_chat.entitlements";
				CODE_SIGN_IDENTITY = "Apple Development";
				"CODE_SIGN_IDENTITY[sdk=macosx*]" = "Apple Development";
				CODE_SIGN_STYLE = Automatic;
				COMBINE_HIDPI_IMAGES = YES;
				CURRENT_PROJECT_VERSION = 1;
				DEAD_CODE_STRIPPING = YES;
				DEVELOPMENT_TEAM = 4442GNYC57;
				ENABLE_APP_SANDBOX = YES;
				ENABLE_HARDENED_RUNTIME = YES;
				ENABLE_OUTGOING_NETWORK_CONNECTIONS = YES;
				ENABLE_PREVIEWS = YES;
				ENABLE_USER_SELECTED_FILES = readonly;
				GENERATE_INFOPLIST_FILE = YES;
				INFOPLIST_KEY_CFBundleDisplayName = "Duo Chat";
				INFOPLIST_KEY_LSApplicationCategoryType = "public.app-category.developer-tools";
				INFOPLIST_KEY_NSHumanReadableCopyright = "";
				LD_RUNPATH_SEARCH_PATHS = (
					"$(inherited)",
					"@executable_path/../Frameworks",
				);
				MARKETING_VERSION = 1.0;
				PRODUCT_BUNDLE_IDENTIFIER = "in.aboobacker.duo-chat";
				PRODUCT_NAME = "$(TARGET_NAME)";
				PROVISIONING_PROFILE_SPECIFIER = "";
				REGISTER_APP_GROUPS = YES;
				SUPPORTED_PLATFORMS = "iphoneos iphonesimulator macosx";
				SUPPORTS_MACCATALYST = NO;
				SWIFT_EMIT_LOC_STRINGS = YES;
				SWIFT_VERSION = 5.0;
				TARGETED_DEVICE_FAMILY = 1;
			};
			name = Debug;
		};
		D6652ACA2DEC797200269826 /* Release */ = {
			isa = XCBuildConfiguration;
			buildSettings = {
				ASSETCATALOG_COMPILER_APPICON_NAME = AppIcon;
				ASSETCATALOG_COMPILER_GLOBAL_ACCENT_COLOR_NAME = AccentColor;
				ASSETCATALOG_COMPILER_INCLUDE_ALL_APPICON_ASSETS = YES;
				CODE_SIGN_ENTITLEMENTS = "duo-chat/duo_chat.entitlements";
				CODE_SIGN_IDENTITY = "Apple Development";
				"CODE_SIGN_IDENTITY[sdk=macosx*]" = "Apple Development";
				CODE_SIGN_STYLE = Automatic;
				COMBINE_HIDPI_IMAGES = YES;
				CURRENT_PROJECT_VERSION = 1;
				DEAD_CODE_STRIPPING = YES;
				DEVELOPMENT_TEAM = 4442GNYC57;
				ENABLE_APP_SANDBOX = YES;
				ENABLE_HARDENED_RUNTIME = YES;
				ENABLE_OUTGOING_NETWORK_CONNECTIONS = YES;
				ENABLE_PREVIEWS = YES;
				ENABLE_USER_SELECTED_FILES = readonly;
				GENERATE_INFOPLIST_FILE = YES;
				INFOPLIST_KEY_CFBundleDisplayName = "Duo Chat";
				INFOPLIST_KEY_LSApplicationCategoryType = "public.app-category.developer-tools";
				INFOPLIST_KEY_NSHumanReadableCopyright = "";
				LD_RUNPATH_SEARCH_PATHS = (
					"$(inherited)",
					"@executable_path/../Frameworks",
				);
				MARKETING_VERSION = 1.0;
				PRODUCT_BUNDLE_IDENTIFIER = "in.aboobacker.duo-chat";
				PRODUCT_NAME = "$(TARGET_NAME)";
				PROVISIONING_PROFILE_SPECIFIER = "";
				REGISTER_APP_GROUPS = YES;
				SUPPORTED_PLATFORMS = "iphoneos iphonesimulator macosx";
				SUPPORTS_MACCATALYST = NO;
				SWIFT_EMIT_LOC_STRINGS = YES;
				SWIFT_VERSION = 5.0;
				TARGETED_DEVICE_FAMILY = 1;
			};
			name = Release;
		};
		D6652ACC2DEC797200269826 /* Debug */ = {
			isa = XCBuildConfiguration;
			buildSettings = {
				BUNDLE_LOADER = "$(TEST_HOST)";
				CODE_SIGN_STYLE = Automatic;
				CURRENT_PROJECT_VERSION = 1;
				DEAD_CODE_STRIPPING = YES;
				GENERATE_INFOPLIST_FILE = YES;
				MACOSX_DEPLOYMENT_TARGET = 15.5;
				MARKETING_VERSION = 1.0;
				PRODUCT_BUNDLE_IDENTIFIER = "in.aboobacker.duo-chatTests";
				PRODUCT_NAME = "$(TARGET_NAME)";
				SWIFT_EMIT_LOC_STRINGS = NO;
				SWIFT_VERSION = 5.0;
				TEST_HOST = "$(BUILT_PRODUCTS_DIR)/duo-chat.app/$(BUNDLE_EXECUTABLE_FOLDER_PATH)/duo-chat";
			};
			name = Debug;
		};
		D6652ACD2DEC797200269826 /* Release */ = {
			isa = XCBuildConfiguration;
			buildSettings = {
				BUNDLE_LOADER = "$(TEST_HOST)";
				CODE_SIGN_STYLE = Automatic;
				CURRENT_PROJECT_VERSION = 1;
				DEAD_CODE_STRIPPING = YES;
				GENERATE_INFOPLIST_FILE = YES;
				MACOSX_DEPLOYMENT_TARGET = 15.5;
				MARKETING_VERSION = 1.0;
				PRODUCT_BUNDLE_IDENTIFIER = "in.aboobacker.duo-chatTests";
				PRODUCT_NAME = "$(TARGET_NAME)";
				SWIFT_EMIT_LOC_STRINGS = NO;
				SWIFT_VERSION = 5.0;
				TEST_HOST = "$(BUILT_PRODUCTS_DIR)/duo-chat.app/$(BUNDLE_EXECUTABLE_FOLDER_PATH)/duo-chat";
			};
			name = Release;
		};
		D6652ACF2DEC797200269826 /* Debug */ = {
			isa = XCBuildConfiguration;
			buildSettings = {
				CODE_SIGN_STYLE = Automatic;
				CURRENT_PROJECT_VERSION = 1;
				DEAD_CODE_STRIPPING = YES;
				GENERATE_INFOPLIST_FILE = YES;
				MARKETING_VERSION = 1.0;
				PRODUCT_BUNDLE_IDENTIFIER = "in.aboobacker.duo-chatUITests";
				PRODUCT_NAME = "$(TARGET_NAME)";
				SWIFT_EMIT_LOC_STRINGS = NO;
				SWIFT_VERSION = 5.0;
				TEST_TARGET_NAME = "duo-chat";
			};
			name = Debug;
		};
		D6652AD02DEC797200269826 /* Release */ = {
			isa = XCBuildConfiguration;
			buildSettings = {
				CODE_SIGN_STYLE = Automatic;
				CURRENT_PROJECT_VERSION = 1;
				DEAD_CODE_STRIPPING = YES;
				GENERATE_INFOPLIST_FILE = YES;
				MARKETING_VERSION = 1.0;
				PRODUCT_BUNDLE_IDENTIFIER = "in.aboobacker.duo-chatUITests";
				PRODUCT_NAME = "$(TARGET_NAME)";
				SWIFT_EMIT_LOC_STRINGS = NO;
				SWIFT_VERSION = 5.0;
				TEST_TARGET_NAME = "duo-chat";
			};
			name = Release;
		};
/* End XCBuildConfiguration section */

/* Begin XCConfigurationList section */
		D6652AA12DEC797000269826 /* Build configuration list for PBXProject "duo-chat" */ = {
			isa = XCConfigurationList;
			buildConfigurations = (
				D6652AC62DEC797200269826 /* Debug */,
				D6652AC72DEC797200269826 /* Release */,
			);
			defaultConfigurationIsVisible = 0;
			defaultConfigurationName = Release;
		};
		D6652AC82DEC797200269826 /* Build configuration list for PBXNativeTarget "duo-chat" */ = {
			isa = XCConfigurationList;
			buildConfigurations = (
				D6652AC92DEC797200269826 /* Debug */,
				D6652ACA2DEC797200269826 /* Release */,
			);
			defaultConfigurationIsVisible = 0;
			defaultConfigurationName = Release;
		};
		D6652ACB2DEC797200269826 /* Build configuration list for PBXNativeTarget "duo-chatTests" */ = {
			isa = XCConfigurationList;
			buildConfigurations = (
				D6652ACC2DEC797200269826 /* Debug */,
				D6652ACD2DEC797200269826 /* Release */,
			);
			defaultConfigurationIsVisible = 0;
			defaultConfigurationName = Release;
		};
		D6652ACE2DEC797200269826 /* Build configuration list for PBXNativeTarget "duo-chatUITests" */ = {
			isa = XCConfigurationList;
			buildConfigurations = (
				D6652ACF2DEC797200269826 /* Debug */,
				D6652AD02DEC797200269826 /* Release */,
			);
			defaultConfigurationIsVisible = 0;
			defaultConfigurationName = Release;
		};
/* End XCConfigurationList section */

/* Begin XCRemoteSwiftPackageReference section */
		D645FD832DF137F000E457C9 /* XCRemoteSwiftPackageReference "swift-markdown-ui" */ = {
			isa = XCRemoteSwiftPackageReference;
			repositoryURL = "https://github.com/gonzalezreal/swift-markdown-ui";
			requirement = {
				kind = upToNextMajorVersion;
				minimumVersion = 2.4.1;
			};
		};
/* End XCRemoteSwiftPackageReference section */

/* Begin XCSwiftPackageProductDependency section */
		D645FD852DF13AE800E457C9 /* MarkdownUI */ = {
			isa = XCSwiftPackageProductDependency;
			package = D645FD832DF137F000E457C9 /* XCRemoteSwiftPackageReference "swift-markdown-ui" */;
			productName = MarkdownUI;
		};
		D645FD8A2DF13F1E00E457C9 /* MarkdownUI */ = {
			isa = XCSwiftPackageProductDependency;
			package = D645FD832DF137F000E457C9 /* XCRemoteSwiftPackageReference "swift-markdown-ui" */;
			productName = MarkdownUI;
		};
/* End XCSwiftPackageProductDependency section */
	};
	rootObject = D6652A9E2DEC797000269826 /* Project object */;
}
